// !$*UTF8*$!
{
	archiveVersion = 1;
	classes = {
	};
	objectVersion = 52;
	objects = {

/* Begin PBXBuildFile section */
		FA61E9B6231365E3006A5B6B /* AppDelegate.swift in Sources */ = {isa = PBXBuildFile; fileRef = FA61E9B5231365E3006A5B6B /* AppDelegate.swift */; };
		FA61E9B8231365E3006A5B6B /* ContentView.swift in Sources */ = {isa = PBXBuildFile; fileRef = FA61E9B7231365E3006A5B6B /* ContentView.swift */; };
		FA61E9BA231365E5006A5B6B /* Assets.xcassets in Resources */ = {isa = PBXBuildFile; fileRef = FA61E9B9231365E5006A5B6B /* Assets.xcassets */; };
		FA61E9BD231365E5006A5B6B /* Preview Assets.xcassets in Resources */ = {isa = PBXBuildFile; fileRef = FA61E9BC231365E5006A5B6B /* Preview Assets.xcassets */; };
		FA61E9C0231365E5006A5B6B /* Main.storyboard in Resources */ = {isa = PBXBuildFile; fileRef = FA61E9BE231365E5006A5B6B /* Main.storyboard */; };
		FA61E9CA23136A48006A5B6B /* Sliders in Frameworks */ = {isa = PBXBuildFile; productRef = FA61E9C923136A48006A5B6B /* Sliders */; };
		FA61E9CC23136A50006A5B6B /* Sliders in Frameworks */ = {isa = PBXBuildFile; productRef = FA61E9CB23136A50006A5B6B /* Sliders */; };
		FA61E9CF23136CDD006A5B6B /* Sliders in Frameworks */ = {isa = PBXBuildFile; productRef = FA61E9CE23136CDD006A5B6B /* Sliders */; };
		FAF1C03722ED3B7D00F92FEA /* AppDelegate.swift in Sources */ = {isa = PBXBuildFile; fileRef = FAF1C03622ED3B7D00F92FEA /* AppDelegate.swift */; };
		FAF1C03922ED3B7D00F92FEA /* SceneDelegate.swift in Sources */ = {isa = PBXBuildFile; fileRef = FAF1C03822ED3B7D00F92FEA /* SceneDelegate.swift */; };
		FAF1C03B22ED3B7D00F92FEA /* ContentView.swift in Sources */ = {isa = PBXBuildFile; fileRef = FAF1C03A22ED3B7D00F92FEA /* ContentView.swift */; };
		FAF1C03D22ED3B7E00F92FEA /* Assets.xcassets in Resources */ = {isa = PBXBuildFile; fileRef = FAF1C03C22ED3B7E00F92FEA /* Assets.xcassets */; };
		FAF1C04022ED3B7E00F92FEA /* Preview Assets.xcassets in Resources */ = {isa = PBXBuildFile; fileRef = FAF1C03F22ED3B7E00F92FEA /* Preview Assets.xcassets */; };
		FAF1C04322ED3B7E00F92FEA /* LaunchScreen.storyboard in Resources */ = {isa = PBXBuildFile; fileRef = FAF1C04122ED3B7E00F92FEA /* LaunchScreen.storyboard */; };
/* End PBXBuildFile section */

/* Begin PBXFileReference section */
		FA61E9B3231365E3006A5B6B /* SlidersExamples macOS.app */ = {isa = PBXFileReference; explicitFileType = wrapper.application; includeInIndex = 0; path = "SlidersExamples macOS.app"; sourceTree = BUILT_PRODUCTS_DIR; };
		FA61E9B5231365E3006A5B6B /* AppDelegate.swift */ = {isa = PBXFileReference; lastKnownFileType = sourcecode.swift; path = AppDelegate.swift; sourceTree = "<group>"; };
		FA61E9B7231365E3006A5B6B /* ContentView.swift */ = {isa = PBXFileReference; lastKnownFileType = sourcecode.swift; path = ContentView.swift; sourceTree = "<group>"; };
		FA61E9B9231365E5006A5B6B /* Assets.xcassets */ = {isa = PBXFileReference; lastKnownFileType = folder.assetcatalog; path = Assets.xcassets; sourceTree = "<group>"; };
		FA61E9BC231365E5006A5B6B /* Preview Assets.xcassets */ = {isa = PBXFileReference; lastKnownFileType = folder.assetcatalog; path = "Preview Assets.xcassets"; sourceTree = "<group>"; };
		FA61E9BF231365E5006A5B6B /* Base */ = {isa = PBXFileReference; lastKnownFileType = file.storyboard; name = Base; path = Base.lproj/Main.storyboard; sourceTree = "<group>"; };
		FA61E9C1231365E5006A5B6B /* Info.plist */ = {isa = PBXFileReference; lastKnownFileType = text.plist.xml; path = Info.plist; sourceTree = "<group>"; };
		FA61E9C2231365E5006A5B6B /* SlidersExamples_macOS.entitlements */ = {isa = PBXFileReference; lastKnownFileType = text.plist.entitlements; path = SlidersExamples_macOS.entitlements; sourceTree = "<group>"; };
		FAF1C02E22ED3B1C00F92FEA /* range-slider */ = {isa = PBXFileReference; lastKnownFileType = folder; name = "range-slider"; path = ..; sourceTree = "<group>"; };
		FAF1C03322ED3B7D00F92FEA /* SlidersExamples iOS.app */ = {isa = PBXFileReference; explicitFileType = wrapper.application; includeInIndex = 0; path = "SlidersExamples iOS.app"; sourceTree = BUILT_PRODUCTS_DIR; };
		FAF1C03622ED3B7D00F92FEA /* AppDelegate.swift */ = {isa = PBXFileReference; lastKnownFileType = sourcecode.swift; path = AppDelegate.swift; sourceTree = "<group>"; };
		FAF1C03822ED3B7D00F92FEA /* SceneDelegate.swift */ = {isa = PBXFileReference; lastKnownFileType = sourcecode.swift; path = SceneDelegate.swift; sourceTree = "<group>"; };
		FAF1C03A22ED3B7D00F92FEA /* ContentView.swift */ = {isa = PBXFileReference; lastKnownFileType = sourcecode.swift; path = ContentView.swift; sourceTree = "<group>"; };
		FAF1C03C22ED3B7E00F92FEA /* Assets.xcassets */ = {isa = PBXFileReference; lastKnownFileType = folder.assetcatalog; path = Assets.xcassets; sourceTree = "<group>"; };
		FAF1C03F22ED3B7E00F92FEA /* Preview Assets.xcassets */ = {isa = PBXFileReference; lastKnownFileType = folder.assetcatalog; path = "Preview Assets.xcassets"; sourceTree = "<group>"; };
		FAF1C04222ED3B7E00F92FEA /* Base */ = {isa = PBXFileReference; lastKnownFileType = file.storyboard; name = Base; path = Base.lproj/LaunchScreen.storyboard; sourceTree = "<group>"; };
		FAF1C04422ED3B7E00F92FEA /* Info.plist */ = {isa = PBXFileReference; lastKnownFileType = text.plist.xml; path = Info.plist; sourceTree = "<group>"; };
/* End PBXFileReference section */

/* Begin PBXFrameworksBuildPhase section */
		FA61E9B0231365E3006A5B6B /* Frameworks */ = {
			isa = PBXFrameworksBuildPhase;
			buildActionMask = 2147483647;
			files = (
				FA61E9CC23136A50006A5B6B /* Sliders in Frameworks */,
			);
			runOnlyForDeploymentPostprocessing = 0;
		};
		FAF1C03022ED3B7D00F92FEA /* Frameworks */ = {
			isa = PBXFrameworksBuildPhase;
			buildActionMask = 2147483647;
			files = (
				FA61E9CA23136A48006A5B6B /* Sliders in Frameworks */,
				FA61E9CF23136CDD006A5B6B /* Sliders in Frameworks */,
			);
			runOnlyForDeploymentPostprocessing = 0;
		};
/* End PBXFrameworksBuildPhase section */

/* Begin PBXGroup section */
		FA61E9B4231365E3006A5B6B /* SlidersExamples macOS */ = {
			isa = PBXGroup;
			children = (
				FA61E9B5231365E3006A5B6B /* AppDelegate.swift */,
				FA61E9B7231365E3006A5B6B /* ContentView.swift */,
				FA61E9B9231365E5006A5B6B /* Assets.xcassets */,
				FA61E9BE231365E5006A5B6B /* Main.storyboard */,
				FA61E9C1231365E5006A5B6B /* Info.plist */,
				FA61E9C2231365E5006A5B6B /* SlidersExamples_macOS.entitlements */,
				FA61E9BB231365E5006A5B6B /* Preview Content */,
			);
			path = "SlidersExamples macOS";
			sourceTree = "<group>";
		};
		FA61E9BB231365E5006A5B6B /* Preview Content */ = {
			isa = PBXGroup;
			children = (
				FA61E9BC231365E5006A5B6B /* Preview Assets.xcassets */,
			);
			path = "Preview Content";
			sourceTree = "<group>";
		};
		FA61E9C623136657006A5B6B /* Frameworks */ = {
			isa = PBXGroup;
			children = (
			);
			name = Frameworks;
			sourceTree = "<group>";
		};
		FAF1C02722ED3AD500F92FEA = {
			isa = PBXGroup;
			children = (
				FAF1C03522ED3B7D00F92FEA /* SlidersExamples iOS */,
				FA61E9B4231365E3006A5B6B /* SlidersExamples macOS */,
				FAF1C02E22ED3B1C00F92FEA /* range-slider */,
				FAF1C03422ED3B7D00F92FEA /* Products */,
				FA61E9C623136657006A5B6B /* Frameworks */,
			);
			sourceTree = "<group>";
		};
		FAF1C03422ED3B7D00F92FEA /* Products */ = {
			isa = PBXGroup;
			children = (
				FAF1C03322ED3B7D00F92FEA /* SlidersExamples iOS.app */,
				FA61E9B3231365E3006A5B6B /* SlidersExamples macOS.app */,
			);
			name = Products;
			sourceTree = "<group>";
		};
		FAF1C03522ED3B7D00F92FEA /* SlidersExamples iOS */ = {
			isa = PBXGroup;
			children = (
				FAF1C03622ED3B7D00F92FEA /* AppDelegate.swift */,
				FAF1C03822ED3B7D00F92FEA /* SceneDelegate.swift */,
				FAF1C03A22ED3B7D00F92FEA /* ContentView.swift */,
				FAF1C03C22ED3B7E00F92FEA /* Assets.xcassets */,
				FAF1C04122ED3B7E00F92FEA /* LaunchScreen.storyboard */,
				FAF1C04422ED3B7E00F92FEA /* Info.plist */,
				FAF1C03E22ED3B7E00F92FEA /* Preview Content */,
			);
			path = "SlidersExamples iOS";
			sourceTree = "<group>";
		};
		FAF1C03E22ED3B7E00F92FEA /* Preview Content */ = {
			isa = PBXGroup;
			children = (
				FAF1C03F22ED3B7E00F92FEA /* Preview Assets.xcassets */,
			);
			path = "Preview Content";
			sourceTree = "<group>";
		};
/* End PBXGroup section */

/* Begin PBXNativeTarget section */
		FA61E9B2231365E3006A5B6B /* SlidersExamples macOS */ = {
			isa = PBXNativeTarget;
			buildConfigurationList = FA61E9C5231365E5006A5B6B /* Build configuration list for PBXNativeTarget "SlidersExamples macOS" */;
			buildPhases = (
				FA61E9AF231365E3006A5B6B /* Sources */,
				FA61E9B0231365E3006A5B6B /* Frameworks */,
				FA61E9B1231365E3006A5B6B /* Resources */,
			);
			buildRules = (
			);
			dependencies = (
			);
			name = "SlidersExamples macOS";
			packageProductDependencies = (
				FA61E9CB23136A50006A5B6B /* Sliders */,
			);
			productName = "RangeSliderExamples macOS";
			productReference = FA61E9B3231365E3006A5B6B /* SlidersExamples macOS.app */;
			productType = "com.apple.product-type.application";
		};
		FAF1C03222ED3B7D00F92FEA /* SlidersExamples iOS */ = {
			isa = PBXNativeTarget;
			buildConfigurationList = FAF1C04522ED3B7E00F92FEA /* Build configuration list for PBXNativeTarget "SlidersExamples iOS" */;
			buildPhases = (
				FAF1C02F22ED3B7D00F92FEA /* Sources */,
				FAF1C03022ED3B7D00F92FEA /* Frameworks */,
				FAF1C03122ED3B7D00F92FEA /* Resources */,
			);
			buildRules = (
			);
			dependencies = (
			);
			name = "SlidersExamples iOS";
			packageProductDependencies = (
				FA61E9C923136A48006A5B6B /* Sliders */,
				FA61E9CE23136CDD006A5B6B /* Sliders */,
			);
			productName = "RangeSliderExamples iOS";
			productReference = FAF1C03322ED3B7D00F92FEA /* SlidersExamples iOS.app */;
			productType = "com.apple.product-type.application";
		};
/* End PBXNativeTarget section */

/* Begin PBXProject section */
		FAF1C02822ED3AD500F92FEA /* Project object */ = {
			isa = PBXProject;
			attributes = {
				LastSwiftUpdateCheck = 1100;
				LastUpgradeCheck = 1100;
				TargetAttributes = {
					FA61E9B2231365E3006A5B6B = {
						CreatedOnToolsVersion = 11.0;
					};
					FAF1C03222ED3B7D00F92FEA = {
						CreatedOnToolsVersion = 11.0;
					};
				};
			};
			buildConfigurationList = FAF1C02B22ED3AD500F92FEA /* Build configuration list for PBXProject "SlidersExamples" */;
			compatibilityVersion = "Xcode 9.3";
			developmentRegion = en;
			hasScannedForEncodings = 0;
			knownRegions = (
				en,
				Base,
			);
			mainGroup = FAF1C02722ED3AD500F92FEA;
			packageReferences = (
				FA61E9CD23136CDD006A5B6B /* XCRemoteSwiftPackageReference "sliders" */,
			);
			productRefGroup = FAF1C03422ED3B7D00F92FEA /* Products */;
			projectDirPath = "";
			projectRoot = "";
			targets = (
				FAF1C03222ED3B7D00F92FEA /* SlidersExamples iOS */,
				FA61E9B2231365E3006A5B6B /* SlidersExamples macOS */,
			);
		};
/* End PBXProject section */

/* Begin PBXResourcesBuildPhase section */
		FA61E9B1231365E3006A5B6B /* Resources */ = {
			isa = PBXResourcesBuildPhase;
			buildActionMask = 2147483647;
			files = (
				FA61E9C0231365E5006A5B6B /* Main.storyboard in Resources */,
				FA61E9BD231365E5006A5B6B /* Preview Assets.xcassets in Resources */,
				FA61E9BA231365E5006A5B6B /* Assets.xcassets in Resources */,
			);
			runOnlyForDeploymentPostprocessing = 0;
		};
		FAF1C03122ED3B7D00F92FEA /* Resources */ = {
			isa = PBXResourcesBuildPhase;
			buildActionMask = 2147483647;
			files = (
				FAF1C04322ED3B7E00F92FEA /* LaunchScreen.storyboard in Resources */,
				FAF1C04022ED3B7E00F92FEA /* Preview Assets.xcassets in Resources */,
				FAF1C03D22ED3B7E00F92FEA /* Assets.xcassets in Resources */,
			);
			runOnlyForDeploymentPostprocessing = 0;
		};
/* End PBXResourcesBuildPhase section */

/* Begin PBXSourcesBuildPhase section */
		FA61E9AF231365E3006A5B6B /* Sources */ = {
			isa = PBXSourcesBuildPhase;
			buildActionMask = 2147483647;
			files = (
				FA61E9B8231365E3006A5B6B /* ContentView.swift in Sources */,
				FA61E9B6231365E3006A5B6B /* AppDelegate.swift in Sources */,
			);
			runOnlyForDeploymentPostprocessing = 0;
		};
		FAF1C02F22ED3B7D00F92FEA /* Sources */ = {
			isa = PBXSourcesBuildPhase;
			buildActionMask = 2147483647;
			files = (
				FAF1C03722ED3B7D00F92FEA /* AppDelegate.swift in Sources */,
				FAF1C03922ED3B7D00F92FEA /* SceneDelegate.swift in Sources */,
				FAF1C03B22ED3B7D00F92FEA /* ContentView.swift in Sources */,
			);
			runOnlyForDeploymentPostprocessing = 0;
		};
/* End PBXSourcesBuildPhase section */

/* Begin PBXVariantGroup section */
		FA61E9BE231365E5006A5B6B /* Main.storyboard */ = {
			isa = PBXVariantGroup;
			children = (
				FA61E9BF231365E5006A5B6B /* Base */,
			);
			name = Main.storyboard;
			sourceTree = "<group>";
		};
		FAF1C04122ED3B7E00F92FEA /* LaunchScreen.storyboard */ = {
			isa = PBXVariantGroup;
			children = (
				FAF1C04222ED3B7E00F92FEA /* Base */,
			);
			name = LaunchScreen.storyboard;
			sourceTree = "<group>";
		};
/* End PBXVariantGroup section */

/* Begin XCBuildConfiguration section */
		FA61E9C3231365E5006A5B6B /* Debug */ = {
			isa = XCBuildConfiguration;
			buildSettings = {
				ALWAYS_SEARCH_USER_PATHS = NO;
				ASSETCATALOG_COMPILER_APPICON_NAME = AppIcon;
				CLANG_ANALYZER_NONNULL = YES;
				CLANG_ANALYZER_NUMBER_OBJECT_CONVERSION = YES_AGGRESSIVE;
				CLANG_CXX_LANGUAGE_STANDARD = "gnu++14";
				CLANG_CXX_LIBRARY = "libc++";
				CLANG_ENABLE_MODULES = YES;
				CLANG_ENABLE_OBJC_ARC = YES;
				CLANG_ENABLE_OBJC_WEAK = YES;
				CLANG_WARN_BLOCK_CAPTURE_AUTORELEASING = YES;
				CLANG_WARN_BOOL_CONVERSION = YES;
				CLANG_WARN_COMMA = YES;
				CLANG_WARN_CONSTANT_CONVERSION = YES;
				CLANG_WARN_DEPRECATED_OBJC_IMPLEMENTATIONS = YES;
				CLANG_WARN_DIRECT_OBJC_ISA_USAGE = YES_ERROR;
				CLANG_WARN_DOCUMENTATION_COMMENTS = YES;
				CLANG_WARN_EMPTY_BODY = YES;
				CLANG_WARN_ENUM_CONVERSION = YES;
				CLANG_WARN_INFINITE_RECURSION = YES;
				CLANG_WARN_INT_CONVERSION = YES;
				CLANG_WARN_NON_LITERAL_NULL_CONVERSION = YES;
				CLANG_WARN_OBJC_IMPLICIT_RETAIN_SELF = YES;
				CLANG_WARN_OBJC_LITERAL_CONVERSION = YES;
				CLANG_WARN_OBJC_ROOT_CLASS = YES_ERROR;
				CLANG_WARN_RANGE_LOOP_ANALYSIS = YES;
				CLANG_WARN_STRICT_PROTOTYPES = YES;
				CLANG_WARN_SUSPICIOUS_MOVE = YES;
				CLANG_WARN_UNGUARDED_AVAILABILITY = YES_AGGRESSIVE;
				CLANG_WARN_UNREACHABLE_CODE = YES;
				CLANG_WARN__DUPLICATE_METHOD_MATCH = YES;
				CODE_SIGN_ENTITLEMENTS = "SlidersExamples macOS/SlidersExamples_macOS.entitlements";
				CODE_SIGN_STYLE = Automatic;
				COMBINE_HIDPI_IMAGES = YES;
				COPY_PHASE_STRIP = NO;
				DEBUG_INFORMATION_FORMAT = dwarf;
				DEVELOPMENT_ASSET_PATHS = "\"SlidersExamples macOS/Preview Content\"";
				DEVELOPMENT_TEAM = Z8L4G5WZR3;
				ENABLE_HARDENED_RUNTIME = YES;
				ENABLE_PREVIEWS = YES;
				ENABLE_STRICT_OBJC_MSGSEND = YES;
				ENABLE_TESTABILITY = YES;
				GCC_C_LANGUAGE_STANDARD = gnu11;
				GCC_DYNAMIC_NO_PIC = NO;
				GCC_NO_COMMON_BLOCKS = YES;
				GCC_OPTIMIZATION_LEVEL = 0;
				GCC_PREPROCESSOR_DEFINITIONS = (
					"DEBUG=1",
					"$(inherited)",
				);
				GCC_WARN_64_TO_32_BIT_CONVERSION = YES;
				GCC_WARN_ABOUT_RETURN_TYPE = YES_ERROR;
				GCC_WARN_UNDECLARED_SELECTOR = YES;
				GCC_WARN_UNINITIALIZED_AUTOS = YES_AGGRESSIVE;
				GCC_WARN_UNUSED_FUNCTION = YES;
				GCC_WARN_UNUSED_VARIABLE = YES;
				INFOPLIST_FILE = "SlidersExamples macOS/Info.plist";
				LD_RUNPATH_SEARCH_PATHS = (
					"$(inherited)",
					"@executable_path/../Frameworks",
				);
				MACOSX_DEPLOYMENT_TARGET = 10.15;
				MARKETING_VERSION = 1.0.0;
				MTL_ENABLE_DEBUG_INFO = INCLUDE_SOURCE;
				MTL_FAST_MATH = YES;
				ONLY_ACTIVE_ARCH = YES;
				PRODUCT_BUNDLE_IDENTIFIER = com.spacenation.sliders.examples.macos;
				PRODUCT_NAME = "$(TARGET_NAME)";
				SDKROOT = macosx;
				SWIFT_ACTIVE_COMPILATION_CONDITIONS = DEBUG;
				SWIFT_OPTIMIZATION_LEVEL = "-Onone";
				SWIFT_VERSION = 5.0;
			};
			name = Debug;
		};
		FA61E9C4231365E5006A5B6B /* Release */ = {
			isa = XCBuildConfiguration;
			buildSettings = {
				ALWAYS_SEARCH_USER_PATHS = NO;
				ASSETCATALOG_COMPILER_APPICON_NAME = AppIcon;
				CLANG_ANALYZER_NONNULL = YES;
				CLANG_ANALYZER_NUMBER_OBJECT_CONVERSION = YES_AGGRESSIVE;
				CLANG_CXX_LANGUAGE_STANDARD = "gnu++14";
				CLANG_CXX_LIBRARY = "libc++";
				CLANG_ENABLE_MODULES = YES;
				CLANG_ENABLE_OBJC_ARC = YES;
				CLANG_ENABLE_OBJC_WEAK = YES;
				CLANG_WARN_BLOCK_CAPTURE_AUTORELEASING = YES;
				CLANG_WARN_BOOL_CONVERSION = YES;
				CLANG_WARN_COMMA = YES;
				CLANG_WARN_CONSTANT_CONVERSION = YES;
				CLANG_WARN_DEPRECATED_OBJC_IMPLEMENTATIONS = YES;
				CLANG_WARN_DIRECT_OBJC_ISA_USAGE = YES_ERROR;
				CLANG_WARN_DOCUMENTATION_COMMENTS = YES;
				CLANG_WARN_EMPTY_BODY = YES;
				CLANG_WARN_ENUM_CONVERSION = YES;
				CLANG_WARN_INFINITE_RECURSION = YES;
				CLANG_WARN_INT_CONVERSION = YES;
				CLANG_WARN_NON_LITERAL_NULL_CONVERSION = YES;
				CLANG_WARN_OBJC_IMPLICIT_RETAIN_SELF = YES;
				CLANG_WARN_OBJC_LITERAL_CONVERSION = YES;
				CLANG_WARN_OBJC_ROOT_CLASS = YES_ERROR;
				CLANG_WARN_RANGE_LOOP_ANALYSIS = YES;
				CLANG_WARN_STRICT_PROTOTYPES = YES;
				CLANG_WARN_SUSPICIOUS_MOVE = YES;
				CLANG_WARN_UNGUARDED_AVAILABILITY = YES_AGGRESSIVE;
				CLANG_WARN_UNREACHABLE_CODE = YES;
				CLANG_WARN__DUPLICATE_METHOD_MATCH = YES;
				CODE_SIGN_ENTITLEMENTS = "SlidersExamples macOS/SlidersExamples_macOS.entitlements";
				CODE_SIGN_STYLE = Automatic;
				COMBINE_HIDPI_IMAGES = YES;
				COPY_PHASE_STRIP = NO;
				DEBUG_INFORMATION_FORMAT = "dwarf-with-dsym";
				DEVELOPMENT_ASSET_PATHS = "\"SlidersExamples macOS/Preview Content\"";
				DEVELOPMENT_TEAM = Z8L4G5WZR3;
				ENABLE_HARDENED_RUNTIME = YES;
				ENABLE_NS_ASSERTIONS = NO;
				ENABLE_PREVIEWS = YES;
				ENABLE_STRICT_OBJC_MSGSEND = YES;
				GCC_C_LANGUAGE_STANDARD = gnu11;
				GCC_NO_COMMON_BLOCKS = YES;
				GCC_WARN_64_TO_32_BIT_CONVERSION = YES;
				GCC_WARN_ABOUT_RETURN_TYPE = YES_ERROR;
				GCC_WARN_UNDECLARED_SELECTOR = YES;
				GCC_WARN_UNINITIALIZED_AUTOS = YES_AGGRESSIVE;
				GCC_WARN_UNUSED_FUNCTION = YES;
				GCC_WARN_UNUSED_VARIABLE = YES;
				INFOPLIST_FILE = "SlidersExamples macOS/Info.plist";
				LD_RUNPATH_SEARCH_PATHS = (
					"$(inherited)",
					"@executable_path/../Frameworks",
				);
				MACOSX_DEPLOYMENT_TARGET = 10.15;
				MARKETING_VERSION = 1.0.0;
				MTL_ENABLE_DEBUG_INFO = NO;
				MTL_FAST_MATH = YES;
				PRODUCT_BUNDLE_IDENTIFIER = com.spacenation.sliders.examples.macos;
				PRODUCT_NAME = "$(TARGET_NAME)";
				SDKROOT = macosx;
				SWIFT_COMPILATION_MODE = wholemodule;
				SWIFT_OPTIMIZATION_LEVEL = "-O";
				SWIFT_VERSION = 5.0;
			};
			name = Release;
		};
		FAF1C02C22ED3AD500F92FEA /* Debug */ = {
			isa = XCBuildConfiguration;
			buildSettings = {
			};
			name = Debug;
		};
		FAF1C02D22ED3AD500F92FEA /* Release */ = {
			isa = XCBuildConfiguration;
			buildSettings = {
			};
			name = Release;
		};
		FAF1C04622ED3B7E00F92FEA /* Debug */ = {
			isa = XCBuildConfiguration;
			buildSettings = {
				ALWAYS_SEARCH_USER_PATHS = NO;
				ASSETCATALOG_COMPILER_APPICON_NAME = AppIcon;
				CLANG_ANALYZER_NONNULL = YES;
				CLANG_ANALYZER_NUMBER_OBJECT_CONVERSION = YES_AGGRESSIVE;
				CLANG_CXX_LANGUAGE_STANDARD = "gnu++14";
				CLANG_CXX_LIBRARY = "libc++";
				CLANG_ENABLE_MODULES = YES;
				CLANG_ENABLE_OBJC_ARC = YES;
				CLANG_ENABLE_OBJC_WEAK = YES;
				CLANG_WARN_BLOCK_CAPTURE_AUTORELEASING = YES;
				CLANG_WARN_BOOL_CONVERSION = YES;
				CLANG_WARN_COMMA = YES;
				CLANG_WARN_CONSTANT_CONVERSION = YES;
				CLANG_WARN_DEPRECATED_OBJC_IMPLEMENTATIONS = YES;
				CLANG_WARN_DIRECT_OBJC_ISA_USAGE = YES_ERROR;
				CLANG_WARN_DOCUMENTATION_COMMENTS = YES;
				CLANG_WARN_EMPTY_BODY = YES;
				CLANG_WARN_ENUM_CONVERSION = YES;
				CLANG_WARN_INFINITE_RECURSION = YES;
				CLANG_WARN_INT_CONVERSION = YES;
				CLANG_WARN_NON_LITERAL_NULL_CONVERSION = YES;
				CLANG_WARN_OBJC_IMPLICIT_RETAIN_SELF = YES;
				CLANG_WARN_OBJC_LITERAL_CONVERSION = YES;
				CLANG_WARN_OBJC_ROOT_CLASS = YES_ERROR;
				CLANG_WARN_RANGE_LOOP_ANALYSIS = YES;
				CLANG_WARN_STRICT_PROTOTYPES = YES;
				CLANG_WARN_SUSPICIOUS_MOVE = YES;
				CLANG_WARN_UNGUARDED_AVAILABILITY = YES_AGGRESSIVE;
				CLANG_WARN_UNREACHABLE_CODE = YES;
				CLANG_WARN__DUPLICATE_METHOD_MATCH = YES;
				CODE_SIGN_STYLE = Automatic;
				COPY_PHASE_STRIP = NO;
				DEBUG_INFORMATION_FORMAT = dwarf;
				DEVELOPMENT_ASSET_PATHS = "\"SlidersExamples iOS\"/Preview\\ Content";
				ENABLE_PREVIEWS = YES;
				ENABLE_STRICT_OBJC_MSGSEND = YES;
				ENABLE_TESTABILITY = YES;
				GCC_C_LANGUAGE_STANDARD = gnu11;
				GCC_DYNAMIC_NO_PIC = NO;
				GCC_NO_COMMON_BLOCKS = YES;
				GCC_OPTIMIZATION_LEVEL = 0;
				GCC_PREPROCESSOR_DEFINITIONS = (
					"DEBUG=1",
					"$(inherited)",
				);
				GCC_WARN_64_TO_32_BIT_CONVERSION = YES;
				GCC_WARN_ABOUT_RETURN_TYPE = YES_ERROR;
				GCC_WARN_UNDECLARED_SELECTOR = YES;
				GCC_WARN_UNINITIALIZED_AUTOS = YES_AGGRESSIVE;
				GCC_WARN_UNUSED_FUNCTION = YES;
				GCC_WARN_UNUSED_VARIABLE = YES;
				INFOPLIST_FILE = "SlidersExamples iOS/Info.plist";
				IPHONEOS_DEPLOYMENT_TARGET = 13.0;
				LD_RUNPATH_SEARCH_PATHS = (
					"$(inherited)",
					"@executable_path/Frameworks",
				);
				MARKETING_VERSION = 1.0.0;
				MTL_ENABLE_DEBUG_INFO = INCLUDE_SOURCE;
				MTL_FAST_MATH = YES;
				ONLY_ACTIVE_ARCH = YES;
				PRODUCT_BUNDLE_IDENTIFIER = com.spacenation.sliders.examples.ios;
				PRODUCT_NAME = "$(TARGET_NAME)";
				SDKROOT = iphoneos;
				SWIFT_ACTIVE_COMPILATION_CONDITIONS = DEBUG;
				SWIFT_OPTIMIZATION_LEVEL = "-Onone";
				SWIFT_VERSION = 5.0;
				TARGETED_DEVICE_FAMILY = "1,2";
			};
			name = Debug;
		};
		FAF1C04722ED3B7E00F92FEA /* Release */ = {
			isa = XCBuildConfiguration;
			buildSettings = {
				ALWAYS_SEARCH_USER_PATHS = NO;
				ASSETCATALOG_COMPILER_APPICON_NAME = AppIcon;
				CLANG_ANALYZER_NONNULL = YES;
				CLANG_ANALYZER_NUMBER_OBJECT_CONVERSION = YES_AGGRESSIVE;
				CLANG_CXX_LANGUAGE_STANDARD = "gnu++14";
				CLANG_CXX_LIBRARY = "libc++";
				CLANG_ENABLE_MODULES = YES;
				CLANG_ENABLE_OBJC_ARC = YES;
				CLANG_ENABLE_OBJC_WEAK = YES;
				CLANG_WARN_BLOCK_CAPTURE_AUTORELEASING = YES;
				CLANG_WARN_BOOL_CONVERSION = YES;
				CLANG_WARN_COMMA = YES;
				CLANG_WARN_CONSTANT_CONVERSION = YES;
				CLANG_WARN_DEPRECATED_OBJC_IMPLEMENTATIONS = YES;
				CLANG_WARN_DIRECT_OBJC_ISA_USAGE = YES_ERROR;
				CLANG_WARN_DOCUMENTATION_COMMENTS = YES;
				CLANG_WARN_EMPTY_BODY = YES;
				CLANG_WARN_ENUM_CONVERSION = YES;
				CLANG_WARN_INFINITE_RECURSION = YES;
				CLANG_WARN_INT_CONVERSION = YES;
				CLANG_WARN_NON_LITERAL_NULL_CONVERSION = YES;
				CLANG_WARN_OBJC_IMPLICIT_RETAIN_SELF = YES;
				CLANG_WARN_OBJC_LITERAL_CONVERSION = YES;
				CLANG_WARN_OBJC_ROOT_CLASS = YES_ERROR;
				CLANG_WARN_RANGE_LOOP_ANALYSIS = YES;
				CLANG_WARN_STRICT_PROTOTYPES = YES;
				CLANG_WARN_SUSPICIOUS_MOVE = YES;
				CLANG_WARN_UNGUARDED_AVAILABILITY = YES_AGGRESSIVE;
				CLANG_WARN_UNREACHABLE_CODE = YES;
				CLANG_WARN__DUPLICATE_METHOD_MATCH = YES;
				CODE_SIGN_STYLE = Automatic;
				COPY_PHASE_STRIP = NO;
				DEBUG_INFORMATION_FORMAT = "dwarf-with-dsym";
				DEVELOPMENT_ASSET_PATHS = "\"SlidersExamples iOS\"/Preview\\ Content";
				ENABLE_NS_ASSERTIONS = NO;
				ENABLE_PREVIEWS = YES;
				ENABLE_STRICT_OBJC_MSGSEND = YES;
				GCC_C_LANGUAGE_STANDARD = gnu11;
				GCC_NO_COMMON_BLOCKS = YES;
				GCC_WARN_64_TO_32_BIT_CONVERSION = YES;
				GCC_WARN_ABOUT_RETURN_TYPE = YES_ERROR;
				GCC_WARN_UNDECLARED_SELECTOR = YES;
				GCC_WARN_UNINITIALIZED_AUTOS = YES_AGGRESSIVE;
				GCC_WARN_UNUSED_FUNCTION = YES;
				GCC_WARN_UNUSED_VARIABLE = YES;
				INFOPLIST_FILE = "SlidersExamples iOS/Info.plist";
				IPHONEOS_DEPLOYMENT_TARGET = 13.0;
				LD_RUNPATH_SEARCH_PATHS = (
					"$(inherited)",
					"@executable_path/Frameworks",
				);
				MARKETING_VERSION = 1.0.0;
				MTL_ENABLE_DEBUG_INFO = NO;
				MTL_FAST_MATH = YES;
				PRODUCT_BUNDLE_IDENTIFIER = com.spacenation.sliders.examples.ios;
				PRODUCT_NAME = "$(TARGET_NAME)";
				SDKROOT = iphoneos;
				SWIFT_COMPILATION_MODE = wholemodule;
				SWIFT_OPTIMIZATION_LEVEL = "-O";
				SWIFT_VERSION = 5.0;
				TARGETED_DEVICE_FAMILY = "1,2";
				VALIDATE_PRODUCT = YES;
			};
			name = Release;
		};
/* End XCBuildConfiguration section */

/* Begin XCConfigurationList section */
		FA61E9C5231365E5006A5B6B /* Build configuration list for PBXNativeTarget "SlidersExamples macOS" */ = {
			isa = XCConfigurationList;
			buildConfigurations = (
				FA61E9C3231365E5006A5B6B /* Debug */,
				FA61E9C4231365E5006A5B6B /* Release */,
			);
			defaultConfigurationIsVisible = 0;
			defaultConfigurationName = Release;
		};
		FAF1C02B22ED3AD500F92FEA /* Build configuration list for PBXProject "SlidersExamples" */ = {
			isa = XCConfigurationList;
			buildConfigurations = (
				FAF1C02C22ED3AD500F92FEA /* Debug */,
				FAF1C02D22ED3AD500F92FEA /* Release */,
			);
			defaultConfigurationIsVisible = 0;
			defaultConfigurationName = Release;
		};
		FAF1C04522ED3B7E00F92FEA /* Build configuration list for PBXNativeTarget "SlidersExamples iOS" */ = {
			isa = XCConfigurationList;
			buildConfigurations = (
				FAF1C04622ED3B7E00F92FEA /* Debug */,
				FAF1C04722ED3B7E00F92FEA /* Release */,
			);
			defaultConfigurationIsVisible = 0;
			defaultConfigurationName = Release;
		};
/* End XCConfigurationList section */

/* Begin XCRemoteSwiftPackageReference section */
		FA61E9CD23136CDD006A5B6B /* XCRemoteSwiftPackageReference "sliders" */ = {
			isa = XCRemoteSwiftPackageReference;
			repositoryURL = "git@github.com:spacenation/sliders.git";
			requirement = {
				branch = master;
				kind = branch;
			};
		};
/* End XCRemoteSwiftPackageReference section */

/* Begin XCSwiftPackageProductDependency section */
		FA61E9C923136A48006A5B6B /* Sliders */ = {
			isa = XCSwiftPackageProductDependency;
			productName = Sliders;
		};
		FA61E9CB23136A50006A5B6B /* Sliders */ = {
			isa = XCSwiftPackageProductDependency;
			productName = Sliders;
		};
		FA61E9CE23136CDD006A5B6B /* Sliders */ = {
			isa = XCSwiftPackageProductDependency;
			package = FA61E9CD23136CDD006A5B6B /* XCRemoteSwiftPackageReference "sliders" */;
			productName = Sliders;
		};
/* End XCSwiftPackageProductDependency section */
	};
	rootObject = FAF1C02822ED3AD500F92FEA /* Project object */;
}
